
Microsoft Visual Studio Solution File, Format Version 12.00
# Visual Studio Version 17
VisualStudioVersion = 17.4.33122.133
MinimumVisualStudioVersion = 10.0.40219.1
Project("{9A19103F-16F7-4668-BE54-9A1E7A4F7556}") = "Amazon", "Amazon\Amazon.csproj", "{391AF6B9-4330-4C2A-9DCC-6F763A1DC192}"
EndProject
Project("{9A19103F-16F7-4668-BE54-9A1E7A4F7556}") = "AmazonRazor_Temp", "AmazonRazor_Temp\AmazonRazor_Temp.csproj", "{EF1F22E4-ED85-4BE8-935E-1AA8D03F5ABE}"
EndProject
Global
	GlobalSection(SolutionConfigurationPlatforms) = preSolution
		Debug|Any CPU = Debug|Any CPU
		Release|Any CPU = Release|Any CPU
	EndGlobalSection
	GlobalSection(ProjectConfigurationPlatforms) = postSolution
		{391AF6B9-4330-4C2A-9DCC-6F763A1DC192}.Debug|Any CPU.ActiveCfg = Debug|Any CPU
		{391AF6B9-4330-4C2A-9DCC-6F763A1DC192}.Debug|Any CPU.Build.0 = Debug|Any CPU
		{391AF6B9-4330-4C2A-9DCC-6F763A1DC192}.Release|Any CPU.ActiveCfg = Release|Any CPU
		{391AF6B9-4330-4C2A-9DCC-6F763A1DC192}.Release|Any CPU.Build.0 = Release|Any CPU
		{EF1F22E4-ED85-4BE8-935E-1AA8D03F5ABE}.Debug|Any CPU.ActiveCfg = Debug|Any CPU
		{EF1F22E4-ED85-4BE8-935E-1AA8D03F5ABE}.Debug|Any CPU.Build.0 = Debug|Any CPU
		{EF1F22E4-ED85-4BE8-935E-1AA8D03F5ABE}.Release|Any CPU.ActiveCfg = Release|Any CPU
		{EF1F22E4-ED85-4BE8-935E-1AA8D03F5ABE}.Release|Any CPU.Build.0 = Release|Any CPU
	EndGlobalSection
	GlobalSection(SolutionProperties) = preSolution
		HideSolutionNode = FALSE
	EndGlobalSection
	GlobalSection(ExtensibilityGlobals) = postSolution
		SolutionGuid = {6BF3EE5F-C09E-4141-833E-EED4C8384744}
	EndGlobalSection
EndGlobal
